
Microsoft Visual Studio Solution File, Format Version 12.00
# Visual Studio 2012
Project("{8BC9CEB8-8B4A-11D0-8D11-00A0C91BC942}") = "10079", "10079.vcxproj", "{E5578DAD-4D19-4FB2-9C8A-88009F1D463E}"
EndProject
Global
	GlobalSection(SolutionConfigurationPlatforms) = preSolution
		Debug|Win32 = Debug|Win32
		Release|Win32 = Release|Win32
	EndGlobalSection
	GlobalSection(ProjectConfigurationPlatforms) = postSolution
		{E5578DAD-4D19-4FB2-9C8A-88009F1D463E}.Debug|Win32.ActiveCfg = Debug|Win32
		{E5578DAD-4D19-4FB2-9C8A-88009F1D463E}.Debug|Win32.Build.0 = Debug|Win32
		{E5578DAD-4D19-4FB2-9C8A-88009F1D463E}.Release|Win32.ActiveCfg = Release|Win32
		{E5578DAD-4D19-4FB2-9C8A-88009F1D463E}.Release|Win32.Build.0 = Release|Win32
	EndGlobalSection
	GlobalSection(SolutionProperties) = preSolution
		HideSolutionNode = FALSE
	EndGlobalSection
EndGlobal
