
Microsoft Visual Studio Solution File, Format Version 12.00
# Visual Studio 2012
Project("{8BC9CEB8-8B4A-11D0-8D11-00A0C91BC942}") = "445", "445.vcxproj", "{48FCC2EE-3B16-46A1-B8AE-303E22C0D86B}"
EndProject
Global
	GlobalSection(SolutionConfigurationPlatforms) = preSolution
		Debug|Win32 = Debug|Win32
		Release|Win32 = Release|Win32
	EndGlobalSection
	GlobalSection(ProjectConfigurationPlatforms) = postSolution
		{48FCC2EE-3B16-46A1-B8AE-303E22C0D86B}.Debug|Win32.ActiveCfg = Debug|Win32
		{48FCC2EE-3B16-46A1-B8AE-303E22C0D86B}.Debug|Win32.Build.0 = Debug|Win32
		{48FCC2EE-3B16-46A1-B8AE-303E22C0D86B}.Release|Win32.ActiveCfg = Release|Win32
		{48FCC2EE-3B16-46A1-B8AE-303E22C0D86B}.Release|Win32.Build.0 = Release|Win32
	EndGlobalSection
	GlobalSection(SolutionProperties) = preSolution
		HideSolutionNode = FALSE
	EndGlobalSection
EndGlobal
